
Microsoft Visual Studio Solution File, Format Version 11.00
# Visual Studio 2010
Project("{FAE04EC0-301F-11D3-BF4B-00C04F79EFBC}") = "DataExport.WS", "DataExport.WS\DataExport.WS.csproj", "{A89D45F3-9CFD-4031-8113-0C2AB28EAC41}"
EndProject
Project("{FAE04EC0-301F-11D3-BF4B-00C04F79EFBC}") = "Test.DataExport.WS", "Test.DataExport.WS\Test.DataExport.WS.csproj", "{25BD5156-8E4C-4E4C-A26E-8CB6D90F8E8E}"
EndProject
Project("{2150E333-8FDC-42A3-9474-1A3956D46DE8}") = "Solution Items", "Solution Items", "{D208C868-5CA4-4537-A074-1746417570D6}"
	ProjectSection(SolutionItems) = preProject
		DataExport.vsmdi = DataExport.vsmdi
		DataSetExample.xml = DataSetExample.xml
		Local.testsettings = Local.testsettings
		TraceAndTestImpact.testsettings = TraceAndTestImpact.testsettings
	EndProjectSection
EndProject
Project("{596CF2E3-0E3C-47CC-A161-0A910B38ED71}") = "DataExport.DB", "DataExport.DB\DataExport.DB.rgproj", "{79B88284-2BFA-4830-9B47-BB3C830438F2}"
EndProject
Project("{FAE04EC0-301F-11D3-BF4B-00C04F79EFBC}") = "ResearchConfig", "ResearchConfig\ResearchConfig.csproj", "{F1C90B27-7F9F-46A2-947F-D78A006B2373}"
EndProject
Global
	GlobalSection(TestCaseManagementSettings) = postSolution
		CategoryFile = DataExport.vsmdi
	EndGlobalSection
	GlobalSection(SolutionConfigurationPlatforms) = preSolution
		Debug|Any CPU = Debug|Any CPU
		Debug|Mixed Platforms = Debug|Mixed Platforms
		Debug|x86 = Debug|x86
		QA|Any CPU = QA|Any CPU
		QA|Mixed Platforms = QA|Mixed Platforms
		QA|x86 = QA|x86
		Release|Any CPU = Release|Any CPU
		Release|Mixed Platforms = Release|Mixed Platforms
		Release|x86 = Release|x86
	EndGlobalSection
	GlobalSection(ProjectConfigurationPlatforms) = postSolution
		{A89D45F3-9CFD-4031-8113-0C2AB28EAC41}.Debug|Any CPU.ActiveCfg = Debug|Any CPU
		{A89D45F3-9CFD-4031-8113-0C2AB28EAC41}.Debug|Any CPU.Build.0 = Debug|Any CPU
		{A89D45F3-9CFD-4031-8113-0C2AB28EAC41}.Debug|Mixed Platforms.ActiveCfg = Debug|Any CPU
		{A89D45F3-9CFD-4031-8113-0C2AB28EAC41}.Debug|Mixed Platforms.Build.0 = Debug|Any CPU
		{A89D45F3-9CFD-4031-8113-0C2AB28EAC41}.Debug|x86.ActiveCfg = Debug|Any CPU
		{A89D45F3-9CFD-4031-8113-0C2AB28EAC41}.QA|Any CPU.ActiveCfg = QA|Any CPU
		{A89D45F3-9CFD-4031-8113-0C2AB28EAC41}.QA|Any CPU.Build.0 = QA|Any CPU
		{A89D45F3-9CFD-4031-8113-0C2AB28EAC41}.QA|Mixed Platforms.ActiveCfg = QA|Any CPU
		{A89D45F3-9CFD-4031-8113-0C2AB28EAC41}.QA|Mixed Platforms.Build.0 = QA|Any CPU
		{A89D45F3-9CFD-4031-8113-0C2AB28EAC41}.QA|x86.ActiveCfg = QA|Any CPU
		{A89D45F3-9CFD-4031-8113-0C2AB28EAC41}.Release|Any CPU.ActiveCfg = Release|Any CPU
		{A89D45F3-9CFD-4031-8113-0C2AB28EAC41}.Release|Any CPU.Build.0 = Release|Any CPU
		{A89D45F3-9CFD-4031-8113-0C2AB28EAC41}.Release|Mixed Platforms.ActiveCfg = Release|Any CPU
		{A89D45F3-9CFD-4031-8113-0C2AB28EAC41}.Release|Mixed Platforms.Build.0 = Release|Any CPU
		{A89D45F3-9CFD-4031-8113-0C2AB28EAC41}.Release|x86.ActiveCfg = Release|Any CPU
		{25BD5156-8E4C-4E4C-A26E-8CB6D90F8E8E}.Debug|Any CPU.ActiveCfg = Debug|Any CPU
		{25BD5156-8E4C-4E4C-A26E-8CB6D90F8E8E}.Debug|Any CPU.Build.0 = Debug|Any CPU
		{25BD5156-8E4C-4E4C-A26E-8CB6D90F8E8E}.Debug|Mixed Platforms.ActiveCfg = Debug|Any CPU
		{25BD5156-8E4C-4E4C-A26E-8CB6D90F8E8E}.Debug|Mixed Platforms.Build.0 = Debug|Any CPU
		{25BD5156-8E4C-4E4C-A26E-8CB6D90F8E8E}.Debug|x86.ActiveCfg = Debug|Any CPU
		{25BD5156-8E4C-4E4C-A26E-8CB6D90F8E8E}.QA|Any CPU.ActiveCfg = QA|Any CPU
		{25BD5156-8E4C-4E4C-A26E-8CB6D90F8E8E}.QA|Any CPU.Build.0 = QA|Any CPU
		{25BD5156-8E4C-4E4C-A26E-8CB6D90F8E8E}.QA|Mixed Platforms.ActiveCfg = QA|Any CPU
		{25BD5156-8E4C-4E4C-A26E-8CB6D90F8E8E}.QA|Mixed Platforms.Build.0 = QA|Any CPU
		{25BD5156-8E4C-4E4C-A26E-8CB6D90F8E8E}.QA|x86.ActiveCfg = QA|Any CPU
		{25BD5156-8E4C-4E4C-A26E-8CB6D90F8E8E}.Release|Any CPU.ActiveCfg = Release|Any CPU
		{25BD5156-8E4C-4E4C-A26E-8CB6D90F8E8E}.Release|Any CPU.Build.0 = Release|Any CPU
		{25BD5156-8E4C-4E4C-A26E-8CB6D90F8E8E}.Release|Mixed Platforms.ActiveCfg = Release|Any CPU
		{25BD5156-8E4C-4E4C-A26E-8CB6D90F8E8E}.Release|Mixed Platforms.Build.0 = Release|Any CPU
		{25BD5156-8E4C-4E4C-A26E-8CB6D90F8E8E}.Release|x86.ActiveCfg = Release|Any CPU
		{79B88284-2BFA-4830-9B47-BB3C830438F2}.Debug|Any CPU.ActiveCfg = Debug|x86
		{79B88284-2BFA-4830-9B47-BB3C830438F2}.Debug|Mixed Platforms.ActiveCfg = Debug|x86
		{79B88284-2BFA-4830-9B47-BB3C830438F2}.Debug|Mixed Platforms.Build.0 = Debug|x86
		{79B88284-2BFA-4830-9B47-BB3C830438F2}.Debug|x86.ActiveCfg = Debug|x86
		{79B88284-2BFA-4830-9B47-BB3C830438F2}.Debug|x86.Build.0 = Debug|x86
		{79B88284-2BFA-4830-9B47-BB3C830438F2}.QA|Any CPU.ActiveCfg = Release|x86
		{79B88284-2BFA-4830-9B47-BB3C830438F2}.QA|Mixed Platforms.ActiveCfg = Release|x86
		{79B88284-2BFA-4830-9B47-BB3C830438F2}.QA|Mixed Platforms.Build.0 = Release|x86
		{79B88284-2BFA-4830-9B47-BB3C830438F2}.QA|x86.ActiveCfg = Release|x86
		{79B88284-2BFA-4830-9B47-BB3C830438F2}.QA|x86.Build.0 = Release|x86
		{79B88284-2BFA-4830-9B47-BB3C830438F2}.Release|Any CPU.ActiveCfg = Release|x86
		{79B88284-2BFA-4830-9B47-BB3C830438F2}.Release|Mixed Platforms.ActiveCfg = Release|x86
		{79B88284-2BFA-4830-9B47-BB3C830438F2}.Release|Mixed Platforms.Build.0 = Release|x86
		{79B88284-2BFA-4830-9B47-BB3C830438F2}.Release|x86.ActiveCfg = Release|x86
		{79B88284-2BFA-4830-9B47-BB3C830438F2}.Release|x86.Build.0 = Release|x86
		{F1C90B27-7F9F-46A2-947F-D78A006B2373}.Debug|Any CPU.ActiveCfg = Debug|Any CPU
		{F1C90B27-7F9F-46A2-947F-D78A006B2373}.Debug|Any CPU.Build.0 = Debug|Any CPU
		{F1C90B27-7F9F-46A2-947F-D78A006B2373}.Debug|Mixed Platforms.ActiveCfg = Debug|Any CPU
		{F1C90B27-7F9F-46A2-947F-D78A006B2373}.Debug|Mixed Platforms.Build.0 = Debug|Any CPU
		{F1C90B27-7F9F-46A2-947F-D78A006B2373}.Debug|x86.ActiveCfg = Debug|Any CPU
		{F1C90B27-7F9F-46A2-947F-D78A006B2373}.QA|Any CPU.ActiveCfg = Release|Any CPU
		{F1C90B27-7F9F-46A2-947F-D78A006B2373}.QA|Any CPU.Build.0 = Release|Any CPU
		{F1C90B27-7F9F-46A2-947F-D78A006B2373}.QA|Mixed Platforms.ActiveCfg = Release|Any CPU
		{F1C90B27-7F9F-46A2-947F-D78A006B2373}.QA|Mixed Platforms.Build.0 = Release|Any CPU
		{F1C90B27-7F9F-46A2-947F-D78A006B2373}.QA|x86.ActiveCfg = Release|Any CPU
		{F1C90B27-7F9F-46A2-947F-D78A006B2373}.Release|Any CPU.ActiveCfg = Release|Any CPU
		{F1C90B27-7F9F-46A2-947F-D78A006B2373}.Release|Any CPU.Build.0 = Release|Any CPU
		{F1C90B27-7F9F-46A2-947F-D78A006B2373}.Release|Mixed Platforms.ActiveCfg = Release|Any CPU
		{F1C90B27-7F9F-46A2-947F-D78A006B2373}.Release|Mixed Platforms.Build.0 = Release|Any CPU
		{F1C90B27-7F9F-46A2-947F-D78A006B2373}.Release|x86.ActiveCfg = Release|Any CPU
	EndGlobalSection
	GlobalSection(SolutionProperties) = preSolution
		HideSolutionNode = FALSE
	EndGlobalSection
EndGlobal
